
Microsoft Visual Studio Solution File, Format Version 12.00
# Visual Studio Version 17
VisualStudioVersion = 17.5.33530.505
MinimumVisualStudioVersion = 10.0.40219.1
Project("{FAE04EC0-301F-11D3-BF4B-00C04F79EFBC}") = "MS_Movie_tutorial", "MS_Movie_tutorial.csproj", "{592721DB-0D64-4F65-B70E-E22F6059C56E}"
EndProject
Global
	GlobalSection(SolutionConfigurationPlatforms) = preSolution
		Debug|Any CPU = Debug|Any CPU
		Release|Any CPU = Release|Any CPU
	EndGlobalSection
	GlobalSection(ProjectConfigurationPlatforms) = postSolution
		{592721DB-0D64-4F65-B70E-E22F6059C56E}.Debug|Any CPU.ActiveCfg = Debug|Any CPU
		{592721DB-0D64-4F65-B70E-E22F6059C56E}.Debug|Any CPU.Build.0 = Debug|Any CPU
		{592721DB-0D64-4F65-B70E-E22F6059C56E}.Release|Any CPU.ActiveCfg = Release|Any CPU
		{592721DB-0D64-4F65-B70E-E22F6059C56E}.Release|Any CPU.Build.0 = Release|Any CPU
	EndGlobalSection
	GlobalSection(SolutionProperties) = preSolution
		HideSolutionNode = FALSE
	EndGlobalSection
	GlobalSection(ExtensibilityGlobals) = postSolution
		SolutionGuid = {63104C31-3D16-4C1B-A01C-BB52376E84C3}
	EndGlobalSection
EndGlobal
